version = 1
revision = 2
requires-python = ">=3.10"

[[package]]
name = "pythonp2p"
version = "1.7.1"
source = { registry = "https://pypi.org/simple" }
sdist = { url = "https://files.pythonhosted.org/packages/ed/62/0715bed848a0bbd0cedd2ef50d626fe34728c126c3ca8f19e25cc46646af/pythonp2p-1.7.1.tar.gz", hash = "sha256:bf57cd61b5ca54b4b6fd99a9f8502e5899ffe4004ab9a615674e5c6d677a85de", size = 26394, upload-time = "2022-01-12T16:17:54.057Z" }
wheels = [
    { url = "https://files.pythonhosted.org/packages/a6/79/ccbfb3d5b0911c93eadc8bd0bc8aa1ae225c9a2e041d1a67f2aff03bc320/pythonp2p-1.7.1-py3-none-any.whl", hash = "sha256:bee9f083d7f048a2d39e6973a791dfd1fa55338eb5a4306d5725f262aefcc7d3", size = 26338, upload-time = "2022-01-12T16:17:52.881Z" },
]

[[package]]
name = "src"
version = "0.1.0"
source = { virtual = "." }
dependencies = [
    { name = "pythonp2p" },
]

[package.metadata]
requires-dist = [{ name = "pythonp2p", specifier = ">=1.7.1" }]
